{
    "_meta": {
        "hash": {
            "sha256": "536cf8e964fa819651b9b49780513f82c59ebe7a69032cd896b2637dceb195cb"
        },
        "pipfile-spec": 6,
        "requires": {
            "python_version": "3.6"
        },
        "sources": [
            {
                "name": "pypi",
                "url": "https://pypi.python.org/simple",
                "verify_ssl": true
            }
        ]
    },
    "default": {
        "beautifulsoup4": {
            "hashes": [
                "sha256:11a9a27b7d3bddc6d86f59fb76afb70e921a25ac2d6cc55b40d072bd68435a76",
                "sha256:7015e76bf32f1f574636c4288399a6de66ce08fb7b2457f628a8d70c0fbabb11",
                "sha256:808b6ac932dccb0a4126558f7dfdcf41710dd44a4ef497a0bb59a77f9f078e89"
            ],
            "version": "==4.6.0"
        },
        "certifi": {
            "hashes": [
                "sha256:14131608ad2fd56836d33a71ee60fa1c82bc9d2c8d98b7bdbc631fe1b3cd1296",
                "sha256:edbc3f203427eef571f79a7692bb160a2b0f7ccaa31953e99bd17e307cf63f7d"
            ],
            "version": "==2018.1.18"
        },
        "chardet": {
            "hashes": [
                "sha256:84ab92ed1c4d4f16916e05906b6b75a6c0fb5db821cc65e70cbd64a3e2a5eaae",
                "sha256:fc323ffcaeaed0e0a02bf4d117757b98aed530d9ed4531e3e15460124c106691"
            ],
            "version": "==3.0.4"
        },
        "html5lib": {
            "hashes": [
                "sha256:20b159aa3badc9d5ee8f5c647e5efd02ed2a66ab8d354930bd9ff139fc1dc0a3",
                "sha256:66cb0dcfdbbc4f9c3ba1a63fdb511ffdbd4f513b2b6d81b80cd26ce6b3fb3736"
            ],
            "version": "==1.0.1"
        },
        "idna": {
            "hashes": [
                "sha256:2c6a5de3089009e3da7c5dde64a141dbc8551d5b7f6cf4ed7c2568d0cc520a8f",
                "sha256:8c7309c718f94b3a625cb648ace320157ad16ff131ae0af362c9f21b80ef6ec4"
            ],
            "version": "==2.6"
        },
        "pillow": {
            "hashes": [
                "sha256:0013f590a8f260df60bcfd65db19d18efc04e7f046c3c82a40e2e2b3292a937c",
                "sha256:0b899ee80920bb533f26581af9b4660bc12aff4562555afe74e429101ebf3c94",
                "sha256:12f29d6c23424f704c66b5b68c02fe0b571504459605cfe36ab8158359b0e1bb",
                "sha256:135e9aa65150c53f7db85bf2bebb8a0e1a48ea850e80cf66e16dd04fa09d309c",
                "sha256:153ec6f18f7b61641e0e6e502acfaf4a06c9aba2ea11c0b4b3578ea9f13a4a4a",
                "sha256:17fe25efc785194d48c38fad85dce470013ba19d2fb66639e149f14bccf1327f",
                "sha256:1912b7230459fd53682dae32b83cbd8e5d642ba36d4be18566f00a9c063aa13d",
                "sha256:1a5b93084e01328a1cb1ecdad99d11d75e881e89a95f88d85b523646553b36c2",
                "sha256:25193f934d37d836a6b1f4c062ce574a96cbca7c6d9dc8ddfbbac7f9c54deaa4",
                "sha256:2c042352b430d678db50c78c5214e19638eff8b688941271da2de21fd298dfe5",
                "sha256:2e818dbe445e86fc6c266973fe540c35125c42eb2cf13a6095e9adaa89c0deb5",
                "sha256:2fcde9954c8882d1c7f93bb828caa34a4c5e3ee69dbc7895dc8652ad972b455a",
                "sha256:35f7d998b8e82fb3fb51ff88b30485eb81cd7dd56ec7e1a8deba23eb88532d44",
                "sha256:37cc0339abfa9e295c75d9a7f227d35cb44716feb95057f9449c4a9e9a17daf7",
                "sha256:43334f9581cd067945b8898cef9eb5714ee4883f8de0304c011f1dbdb1d4e2aa",
                "sha256:4bd4a71501b6d51db4abc07e1f43f5a6fed0a1a9583cca0b401d6af50284b0db",
                "sha256:57aa6198ba8acba1313c3b743e267d821a60cac77e6026caf0b55ca58d3d23be",
                "sha256:5b0d657460d9f3615876fec6306e97ca15a471f6169b622d76a47e270998acf1",
                "sha256:5cd36804f9f06a914a883fe682df5711d16d7b4f44d43189c5f013e7cd91e149",
                "sha256:6977cf073d83358b34f93abf5c1f1193b88675fe0e4441e0e28318bc3dcba7a0",
                "sha256:718ec7a122b28d64afc5fbc3a9b99bb0545ef511373cac06fe7624520e82cb20",
                "sha256:7dfbefdb3fb911ca9faed307bf309861e9995e36cca6b761c7ba6d9b77a9744a",
                "sha256:801cca8923508311bf5d6d0f7da5362552e8208ebd8ec0d7b9f2cd2ff5705734",
                "sha256:82b172e3264e62372c01b5b009b5b1a02fbb9276cbe5cc57ab00a6d6e5ed9a18",
                "sha256:82d1ff571489765df2816785d532e243bde213752156c227fca595723ec5ff42",
                "sha256:8580fc58074a16b749905b26cf8363f7b628dd167ba0130f5382cdc91c86b509",
                "sha256:931030d1d6282b7900e6b0a7ff9ecdb503b5e1e6781800dab2b71a9f39405bff",
                "sha256:9525cd680a6f9e80c6c0af03cf973e6505c59f60b4745f682cd1a449e54b31bb",
                "sha256:a224651a81e45ef4f1d0164e256c5f6b4abb49f2ae8f22ba2f3a9d0ff338e608",
                "sha256:a370d1c570f1d72e877099651e752332444b1c5009381f043c9da5fd47f3ebae",
                "sha256:b1d33c63a55d0d85df0ad02b2c16158fb4d8153afa7b908f1a67330fac694cd6",
                "sha256:b2240f298482f823576f397bb9f32ea913ad9456c526e141bc6f0a022b37a3e8",
                "sha256:b85f703c2ffe539313e39ce0676bed0f355cec45a16e58c9ab7417445843047c",
                "sha256:b9f63451084a718eccdeb1e382768c94647915653af4d6019f64560d9e98642b",
                "sha256:c793dfaa130847ccff958492b76ae8b9304e60b8a79a92962cb19e368276a22b",
                "sha256:d60c1625b108432ace8b1fa1a584017e5efa73f107d0f493c7f39c79bebf1d41",
                "sha256:dc4b018d5c9b636f7546583c5591b9ea00c328c3e5871992ef5b95bac353f097",
                "sha256:ddd16ab250b4fc97db1c47407e78c25216a75c29d29d10ad37e51b7a2ec7b2c3",
                "sha256:e126ff4fed71e78333840c07279e1617f63cfca76d63ad5b27d65a7277206a3d",
                "sha256:f8d49be8c282df8d2e1ab6ab53ab8abd859b1fa6fed384457ee85c9eff64ef97",
                "sha256:fcf64c91fd44485100a2965d23bb0e227d093e91f7e776c5ca3b32574766eb56"
            ],
            "version": "==5.0.0"
        },
        "pypdf2": {
            "hashes": [
                "sha256:e28f902f2f0a1603ea95ebe21dff311ef09be3d0f0ef29a3e44a932729564385"
            ],
            "version": "==1.26.0"
        },
        "python-magic": {
            "hashes": [
                "sha256:f2674dcfad52ae6c49d4803fa027809540b130db1dec928cfbb9240316831375",
                "sha256:f3765c0f582d2dfc72c15f3b5a82aecfae9498bd29ca840d72f37d7bd38bfcd5"
            ],
            "version": "==0.4.15"
        },
        "reportlab": {
            "hashes": [
                "sha256:0474d275d83d850f24e3ccdacab1e81393cd43504a30808651ea909e52792624",
                "sha256:108b59f384bcdeb64147be778c700083cc5e81d1e15d7ab1980c92f177421087",
                "sha256:2d39db61b6d7d003e10bd170698fffef3e12b2ed86e14e3e57112ac448e9d8cb",
                "sha256:3adaca93567100236ecf0027f4fca5738cc26cc333438853d3d5f3f88d024b6f",
                "sha256:539fb522fb5717f7c11388f474c1cfb2958b4b94774eecffab7a40eeb8ba797c",
                "sha256:554438f00e83b16302f84db06f3b18b0ebef85c57becc873155f388cdd22e2b5",
                "sha256:582cf2acc6665e082bf7b2d9a78c6217a54fc666679d413c32b9c8f43ba6ee26",
                "sha256:5beaf35e59dfd5ebd814fdefd76908292e818c982bd7332b5d347dfd2f01c343",
                "sha256:64bb24267ae4f35436f04913fcffb84f9f40d86545cc1dcce78df0f49451d0af",
                "sha256:6b019655ec42ea1fb7e1ae2017de5a6ad5ce3ed74e510fa4bbcba2afe3e836a4",
                "sha256:7198c012a6e706dbae349a36f2e599a4a1a01e37cbfc86fb137d79614c5a5011",
                "sha256:775259f56d9ec8715c64542fa3504d8ccb37dab7e0814a1949895f8f1412198c",
                "sha256:86cb27afdee2e767255c2563402e64a6e0b15c3d4fc6b270a7ed79bad7582b8e",
                "sha256:917c38d256422d3a8d17cff3de05e425c3ffeb6d535174ce9b2c7d04ce5eadd1",
                "sha256:98e8d49597b2611b4cfe8c4c80abe7885c1e0dac2b458f4ca4b4d8ce58319815",
                "sha256:a71b183f34a55bbf127ef9b30a00400559fcb68d677bb63c9eda1094a09c2b01",
                "sha256:a7c38d4dbfaea4685fb40bdf8a35caee94633ab66ffa951c845c78d3b288a693",
                "sha256:ab610aa2e80051d54eca8f8fb1f00fc995624dc5a44c10a4740397b66aedf915",
                "sha256:b2931888c135151f1eaacfccd7df3a7701404c2741470f75827f01e6a576c2d3",
                "sha256:cdf8df8123b510b9ad3ec7f80e83fc7dbc4c16640264080966789190b27af04e",
                "sha256:d54b1a4ab3ac016dd0fc5ffb495ce8a174e0601d9f8ff9e023924c661400b629",
                "sha256:fa5d0f881d107d7e7528f16462a19419f8da1da9ceb801974f05fd2d211f336d",
                "sha256:fdc6d44d7881259bb2bc7d85fea5d6e4965844f94391b07e5b3c899a9b5c2baa"
            ],
            "version": "==3.4.0"
        },
        "requests": {
            "hashes": [
                "sha256:6a1b267aa90cac58ac3a765d067950e7dbbf75b1da07e895d1f594193a40a38b",
                "sha256:9c443e7324ba5b85070c4a818ade28bfabedf16ea10206da1132edaa6dda237e"
            ],
            "version": "==2.18.4"
        },
        "six": {
            "hashes": [
                "sha256:70e8a77beed4562e7f14fe23a786b54f6296e34344c23bc42f07b15018ff98e9",
                "sha256:832dc0e10feb1aa2c68dcc57dbb658f1c7e65b9b61af69048abc87a2db00a0eb"
            ],
            "version": "==1.11.0"
        },
        "urllib3": {
            "hashes": [
                "sha256:06330f386d6e4b195fbfc736b297f58c5a892e4440e54d294d7004e3a9bbea1b",
                "sha256:cc44da8e1145637334317feebd728bd869a35285b93cbb4cca2577da7e62db4f"
            ],
            "version": "==1.22"
        },
        "webencodings": {
            "hashes": [
                "sha256:a0af1213f3c2226497a97e2b3aa01a7e4bee4f403f95be16fc9acd2947514a78",
                "sha256:b36a1c245f2d304965eb4e0a82848379241dc04b865afcc4aab16748587e1923"
            ],
            "version": "==0.5.1"
        }
    },
    "develop": {
        "astroid": {
            "hashes": [
                "sha256:db5cfc9af6e0b60cd07c19478fb54021fc20d2d189882fbcbc94fc69a8aecc58",
                "sha256:f0a0e386dbca9f93ea9f3ea6f32b37a24720502b7baa9cb17c3976a680d43a06"
            ],
            "version": "==1.6.1"
        },
        "attrs": {
            "hashes": [
                "sha256:1c7960ccfd6a005cd9f7ba884e6316b5e430a3f1a6c37c5f87d8b43f83b54ec9",
                "sha256:a17a9573a6f475c99b551c0e0a812707ddda1ec9653bed04c13841404ed6f450"
            ],
            "version": "==17.4.0"
        },
        "backports.functools-lru-cache": {
            "hashes": [
                "sha256:9d98697f088eb1b0fa451391f91afb5e3ebde16bbdb272819fd091151fda4f1a",
                "sha256:f0b0e4eba956de51238e17573b7087e852dfe9854afd2e9c873f73fc0ca0a6dd"
            ],
            "markers": "python_version == '>=2.6'",
            "version": "==1.5"
        },
        "certifi": {
            "hashes": [
                "sha256:14131608ad2fd56836d33a71ee60fa1c82bc9d2c8d98b7bdbc631fe1b3cd1296",
                "sha256:edbc3f203427eef571f79a7692bb160a2b0f7ccaa31953e99bd17e307cf63f7d"
            ],
            "version": "==2018.1.18"
        },
        "chardet": {
            "hashes": [
                "sha256:84ab92ed1c4d4f16916e05906b6b75a6c0fb5db821cc65e70cbd64a3e2a5eaae",
                "sha256:fc323ffcaeaed0e0a02bf4d117757b98aed530d9ed4531e3e15460124c106691"
            ],
            "version": "==3.0.4"
        },
        "colorama": {
            "hashes": [
                "sha256:463f8483208e921368c9f306094eb6f725c6ca42b0f97e313cb5d5512459feda",
                "sha256:48eb22f4f8461b1df5734a074b57042430fb06e1d61bd1e11b078c0fe6d7a1f1"
            ],
            "markers": "sys_platform == 'win32'",
            "version": "==0.3.9"
        },
        "configparser": {
            "hashes": [
                "sha256:5308b47021bc2340965c371f0f058cc6971a04502638d4244225c49d80db273a"
            ],
            "markers": "python_version == '2.7'",
            "version": "==3.5.0"
        },
        "coverage": {
            "hashes": [
                "sha256:03481e81d558d30d230bc12999e3edffe392d244349a90f4ef9b88425fac74ba",
                "sha256:0b136648de27201056c1869a6c0d4e23f464750fd9a9ba9750b8336a244429ed",
                "sha256:104ab3934abaf5be871a583541e8829d6c19ce7bde2923b2751e0d3ca44db60a",
                "sha256:15b111b6a0f46ee1a485414a52a7ad1d703bdf984e9ed3c288a4414d3871dcbd",
                "sha256:198626739a79b09fa0a2f06e083ffd12eb55449b5f8bfdbeed1df4910b2ca640",
                "sha256:1c383d2ef13ade2acc636556fd544dba6e14fa30755f26812f54300e401f98f2",
                "sha256:28b2191e7283f4f3568962e373b47ef7f0392993bb6660d079c62bd50fe9d162",
                "sha256:2eb564bbf7816a9d68dd3369a510be3327f1c618d2357fa6b1216994c2e3d508",
                "sha256:337ded681dd2ef9ca04ef5d93cfc87e52e09db2594c296b4a0a3662cb1b41249",
                "sha256:3a2184c6d797a125dca8367878d3b9a178b6fdd05fdc2d35d758c3006a1cd694",
                "sha256:3c79a6f7b95751cdebcd9037e4d06f8d5a9b60e4ed0cd231342aa8ad7124882a",
                "sha256:3d72c20bd105022d29b14a7d628462ebdc61de2f303322c0212a054352f3b287",
                "sha256:3eb42bf89a6be7deb64116dd1cc4b08171734d721e7a7e57ad64cc4ef29ed2f1",
                "sha256:4635a184d0bbe537aa185a34193898eee409332a8ccb27eea36f262566585000",
                "sha256:56e448f051a201c5ebbaa86a5efd0ca90d327204d8b059ab25ad0f35fbfd79f1",
                "sha256:5a13ea7911ff5e1796b6d5e4fbbf6952381a611209b736d48e675c2756f3f74e",
                "sha256:69bf008a06b76619d3c3f3b1983f5145c75a305a0fea513aca094cae5c40a8f5",
                "sha256:6bc583dc18d5979dc0f6cec26a8603129de0304d5ae1f17e57a12834e7235062",
                "sha256:701cd6093d63e6b8ad7009d8a92425428bc4d6e7ab8d75efbb665c806c1d79ba",
                "sha256:7608a3dd5d73cb06c531b8925e0ef8d3de31fed2544a7de6c63960a1e73ea4bc",
                "sha256:76ecd006d1d8f739430ec50cc872889af1f9c1b6b8f48e29941814b09b0fd3cc",
                "sha256:7aa36d2b844a3e4a4b356708d79fd2c260281a7390d678a10b91ca595ddc9e99",
                "sha256:7d3f553904b0c5c016d1dad058a7554c7ac4c91a789fca496e7d8347ad040653",
                "sha256:7e1fe19bd6dce69d9fd159d8e4a80a8f52101380d5d3a4d374b6d3eae0e5de9c",
                "sha256:8c3cb8c35ec4d9506979b4cf90ee9918bc2e49f84189d9bf5c36c0c1119c6558",
                "sha256:9d6dd10d49e01571bf6e147d3b505141ffc093a06756c60b053a859cb2128b1f",
                "sha256:9e112fcbe0148a6fa4f0a02e8d58e94470fc6cb82a5481618fea901699bf34c4",
                "sha256:ac4fef68da01116a5c117eba4dd46f2e06847a497de5ed1d64bb99a5fda1ef91",
                "sha256:b8815995e050764c8610dbc82641807d196927c3dbed207f0a079833ffcf588d",
                "sha256:be6cfcd8053d13f5f5eeb284aa8a814220c3da1b0078fa859011c7fffd86dab9",
                "sha256:c1bb572fab8208c400adaf06a8133ac0712179a334c09224fb11393e920abcdd",
                "sha256:de4418dadaa1c01d497e539210cb6baa015965526ff5afc078c57ca69160108d",
                "sha256:e05cb4d9aad6233d67e0541caa7e511fa4047ed7750ec2510d466e806e0255d6",
                "sha256:e4d96c07229f58cb686120f168276e434660e4358cc9cf3b0464210b04913e77",
                "sha256:f3f501f345f24383c0000395b26b726e46758b71393267aeae0bd36f8b3ade80",
                "sha256:f8a923a85cb099422ad5a2e345fe877bbc89a8a8b23235824a93488150e45f6e"
            ],
            "version": "==4.5.1"
        },
        "docopt": {
            "hashes": [
                "sha256:49b3a825280bd66b3aa83585ef59c4a8c82f2c8a522dbe754a8bc8d08c85c491"
            ],
            "version": "==0.6.2"
        },
        "enum34": {
            "hashes": [
                "sha256:2d81cbbe0e73112bdfe6ef8576f2238f2ba27dd0d55752a776c41d38b7da2850",
                "sha256:644837f692e5f550741432dd3f223bbb9852018674981b1664e5dc339387588a",
                "sha256:6bd0f6ad48ec2aa117d3d141940d484deccda84d4fcd884f5c3d93c23ecd8c79",
                "sha256:8ad8c4783bf61ded74527bffb48ed9b54166685e4230386a9ed9b1279e2df5b1"
            ],
            "markers": "python_version < '3.4'",
            "version": "==1.1.6"
        },
        "flake8": {
            "hashes": [
                "sha256:7253265f7abd8b313e3892944044a365e3f4ac3fcdcfb4298f55ee9ddf188ba0",
                "sha256:c7841163e2b576d435799169b78703ad6ac1bbb0f199994fc05f700b2a90ea37"
            ],
            "version": "==3.5.0"
        },
        "freezegun": {
            "hashes": [
                "sha256:703caac155dcaad61f78de4cb0666dca778d854dfb90b3699930adee0559a622",
                "sha256:94c59d69bb99c9ec3ca5a3adb41930d3ea09d2a9756c23a02d89fa75646e78dd"
            ],
            "version": "==0.3.10"
        },
        "funcsigs": {
            "hashes": [
                "sha256:330cc27ccbf7f1e992e69fef78261dc7c6569012cf397db8d3de0234e6c937ca",
                "sha256:a7bb0f2cf3a3fd1ab2732cb49eba4252c2af4240442415b4abce3b87022a8f50"
            ],
            "markers": "python_version < '3.0'",
            "version": "==1.0.2"
        },
        "idna": {
            "hashes": [
                "sha256:2c6a5de3089009e3da7c5dde64a141dbc8551d5b7f6cf4ed7c2568d0cc520a8f",
                "sha256:8c7309c718f94b3a625cb648ace320157ad16ff131ae0af362c9f21b80ef6ec4"
            ],
            "version": "==2.6"
        },
        "isort": {
            "hashes": [
                "sha256:1153601da39a25b14ddc54955dbbacbb6b2d19135386699e2ad58517953b34af",
                "sha256:b9c40e9750f3d77e6e4d441d8b0266cf555e7cdabdcff33c4fd06366ca761ef8",
                "sha256:ec9ef8f4a9bc6f71eec99e1806bfa2de401650d996c59330782b89a5555c1497"
            ],
            "version": "==4.3.4"
        },
        "lazy-object-proxy": {
            "hashes": [
                "sha256:0ce34342b419bd8f018e6666bfef729aec3edf62345a53b537a4dcc115746a33",
                "sha256:1b668120716eb7ee21d8a38815e5eb3bb8211117d9a90b0f8e21722c0758cc39",
                "sha256:209615b0fe4624d79e50220ce3310ca1a9445fd8e6d3572a896e7f9146bbf019",
                "sha256:27bf62cb2b1a2068d443ff7097ee33393f8483b570b475db8ebf7e1cba64f088",
                "sha256:27ea6fd1c02dcc78172a82fc37fcc0992a94e4cecf53cb6d73f11749825bd98b",
                "sha256:2c1b21b44ac9beb0fc848d3993924147ba45c4ebc24be19825e57aabbe74a99e",
                "sha256:2df72ab12046a3496a92476020a1a0abf78b2a7db9ff4dc2036b8dd980203ae6",
                "sha256:320ffd3de9699d3892048baee45ebfbbf9388a7d65d832d7e580243ade426d2b",
                "sha256:50e3b9a464d5d08cc5227413db0d1c4707b6172e4d4d915c1c70e4de0bbff1f5",
                "sha256:5276db7ff62bb7b52f77f1f51ed58850e315154249aceb42e7f4c611f0f847ff",
                "sha256:61a6cf00dcb1a7f0c773ed4acc509cb636af2d6337a08f362413c76b2b47a8dd",
                "sha256:6ae6c4cb59f199d8827c5a07546b2ab7e85d262acaccaacd49b62f53f7c456f7",
                "sha256:7661d401d60d8bf15bb5da39e4dd72f5d764c5aff5a86ef52a042506e3e970ff",
                "sha256:7bd527f36a605c914efca5d3d014170b2cb184723e423d26b1fb2fd9108e264d",
                "sha256:7cb54db3535c8686ea12e9535eb087d32421184eacc6939ef15ef50f83a5e7e2",
                "sha256:7f3a2d740291f7f2c111d86a1c4851b70fb000a6c8883a59660d95ad57b9df35",
                "sha256:81304b7d8e9c824d058087dcb89144842c8e0dea6d281c031f59f0acf66963d4",
                "sha256:933947e8b4fbe617a51528b09851685138b49d511af0b6c0da2539115d6d4514",
                "sha256:94223d7f060301b3a8c09c9b3bc3294b56b2188e7d8179c762a1cda72c979252",
                "sha256:ab3ca49afcb47058393b0122428358d2fbe0408cf99f1b58b295cfeb4ed39109",
                "sha256:bd6292f565ca46dee4e737ebcc20742e3b5be2b01556dafe169f6c65d088875f",
                "sha256:cb924aa3e4a3fb644d0c463cad5bc2572649a6a3f68a7f8e4fbe44aaa6d77e4c",
                "sha256:d0fc7a286feac9077ec52a927fc9fe8fe2fabab95426722be4c953c9a8bede92",
                "sha256:ddc34786490a6e4ec0a855d401034cbd1242ef186c20d79d2166d6a4bd449577",
                "sha256:e34b155e36fa9da7e1b7c738ed7767fc9491a62ec6af70fe9da4a057759edc2d",
                "sha256:e5b9e8f6bda48460b7b143c3821b21b452cb3a835e6bbd5dd33aa0c8d3f5137d",
                "sha256:e81ebf6c5ee9684be8f2c87563880f93eedd56dd2b6146d8a725b50b7e5adb0f",
                "sha256:eb91be369f945f10d3a49f5f9be8b3d0b93a4c2be8f8a5b83b0571b8123e0a7a",
                "sha256:f460d1ceb0e4a5dcb2a652db0904224f367c9b3c1470d5a7683c0480e582468b"
            ],
            "version": "==1.3.1"
        },
        "mccabe": {
            "hashes": [
                "sha256:ab8a6258860da4b6677da4bd2fe5dc2c659cff31b3ee4f7f5d64e79735b80d42",
                "sha256:dd8d182285a0fe56bace7f45b5e7d1a6ebcbf524e8f3bd87eb0f125271b8831f"
            ],
            "version": "==0.6.1"
        },
        "nose": {
            "hashes": [
                "sha256:9ff7c6cc443f8c51994b34a667bbcf45afd6d945be7477b52e97516fd17c53ac",
                "sha256:dadcddc0aefbf99eea214e0f1232b94f2fa9bd98fa8353711dacb112bfcbbb2a",
                "sha256:f1bffef9cbc82628f6e7d7b40d7e255aefaa1adb6a1b1d26c69a8b79e6208a98"
            ],
            "version": "==1.3.7"
        },
        "pdfminer3k": {
            "hashes": [
                "sha256:1670de8ddb9aaff8f28d61abc918e6a85c469fd876a00d7a0fddf735088ef6ce"
            ],
            "version": "==1.3.1"
        },
        "pipreqs": {
            "hashes": [
                "sha256:2dfa21631cb68a97515e222d6f0033b5bfb75823567ca2195d528efb18c97990",
                "sha256:cec6eecc4685967b27eb386037565a737d036045f525b9eb314631a68d60e4bc"
            ],
            "version": "==0.4.9"
        },
        "pluggy": {
            "hashes": [
                "sha256:7f8ae7f5bdf75671a718d2daf0a64b7885f74510bcd98b1a0bb420eb9a9d0cff"
            ],
            "version": "==0.6.0"
        },
        "ply": {
            "hashes": [
                "sha256:00c7c1aaa88358b9c765b6d3000c6eec0ba42abca5351b095321aef446081da3",
                "sha256:096f9b8350b65ebd2fd1346b12452efe5b9607f7482813ffca50c22722a807ce"
            ],
            "version": "==3.11"
        },
        "py": {
            "hashes": [
                "sha256:8cca5c229d225f8c1e3085be4fcf306090b00850fefad892f9d96c7b6e2f310f",
                "sha256:ca18943e28235417756316bfada6cd96b23ce60dd532642690dcfdaba988a76d"
            ],
            "version": "==1.5.2"
        },
        "pycodestyle": {
            "hashes": [
                "sha256:682256a5b318149ca0d2a9185d365d8864a768a28db66a84a2ea946bcc426766",
                "sha256:6c4245ade1edfad79c3446fadfc96b0de2759662dc29d07d80a6f27ad1ca6ba9"
            ],
            "version": "==2.3.1"
        },
        "pyflakes": {
            "hashes": [
                "sha256:08bd6a50edf8cffa9fa09a463063c425ecaaf10d1eb0335a7e8b1401aef89e6f",
                "sha256:8d616a382f243dbf19b54743f280b80198be0bca3a5396f1d2e1fca6223e8805"
            ],
            "version": "==1.6.0"
        },
        "pylint": {
            "hashes": [
                "sha256:156839bedaa798febee72893beef00c650c2e7abafb5586fc7a6a56be7f80412",
                "sha256:4fe3b99da7e789545327b75548cee6b511e4faa98afe268130fea1af4b5ec022"
            ],
            "version": "==1.8.2"
        },
        "pytest": {
            "hashes": [
                "sha256:062027955bccbc04d2fcd5d79690947e018ba31abe4c90b2c6721abec734261b",
                "sha256:117bad36c1a787e1a8a659df35de53ba05f9f3398fb9e4ac17e80ad5903eb8c5"
            ],
            "version": "==3.4.2"
        },
        "python-dateutil": {
            "hashes": [
                "sha256:891c38b2a02f5bb1be3e4793866c8df49c7d19baabf9c1bad62547e0b4866aca",
                "sha256:95511bae634d69bc7329ba55e646499a842bc4ec342ad54a8cdb65645a0aad3c"
            ],
            "version": "==2.6.1"
        },
        "requests": {
            "hashes": [
                "sha256:6a1b267aa90cac58ac3a765d067950e7dbbf75b1da07e895d1f594193a40a38b",
                "sha256:9c443e7324ba5b85070c4a818ade28bfabedf16ea10206da1132edaa6dda237e"
            ],
            "version": "==2.18.4"
        },
        "singledispatch": {
            "hashes": [
                "sha256:5b06af87df13818d14f08a028e42f566640aef80805c3b50c5056b086e3c2b9c",
                "sha256:833b46966687b3de7f438c761ac475213e53b306740f1abfaa86e1d1aae56aa8"
            ],
            "markers": "python_version < '3.4'",
            "version": "==3.4.0.3"
        },
        "six": {
            "hashes": [
                "sha256:70e8a77beed4562e7f14fe23a786b54f6296e34344c23bc42f07b15018ff98e9",
                "sha256:832dc0e10feb1aa2c68dcc57dbb658f1c7e65b9b61af69048abc87a2db00a0eb"
            ],
            "version": "==1.11.0"
        },
        "urllib3": {
            "hashes": [
                "sha256:06330f386d6e4b195fbfc736b297f58c5a892e4440e54d294d7004e3a9bbea1b",
                "sha256:cc44da8e1145637334317feebd728bd869a35285b93cbb4cca2577da7e62db4f"
            ],
            "version": "==1.22"
        },
        "wrapt": {
            "hashes": [
                "sha256:d4d560d479f2c21e1b5443bbd15fe7ec4b37fe7e53d335d3b9b0a7b1226fe3c6"
            ],
            "version": "==1.10.11"
        },
        "yarg": {
            "hashes": [
                "sha256:4f9cebdc00fac946c9bf2783d634e538a71c7d280a4d806d45fd4dc0ef441492",
                "sha256:55695bf4d1e3e7f756496c36a69ba32c40d18f821e38f61d028f6049e5e15911"
            ],
            "version": "==0.1.9"
        }
    }
}
